# THIS IS AN AUTOGENERATED FILE. DO NOT EDIT THIS FILE DIRECTLY.
# yarn lockfile v1


"@babel/code-frame@7.12.11":
  version "7.12.11"
  resolved "https://registry.yarnpkg.com/@babel/code-frame/-/code-frame-7.12.11.tgz#f4ad435aa263db935b8f10f2c552d23fb716a63f"
  integrity sha512-Zt1yodBx1UcyiePMSkWnU4hPqhwq7hGi2nFL1LeA3EUl+q2LQx16MISgJ0+z7dnmgvP9QtIleuETGOiOH1RcIw==
  dependencies:
    "@babel/highlight" "^7.10.4"

"@babel/code-frame@^7.0.0":
  version "7.10.1"
  resolved "https://registry.yarnpkg.com/@babel/code-frame/-/code-frame-7.10.1.tgz#d5481c5095daa1c57e16e54c6f9198443afb49ff"
  integrity sha512-IGhtTmpjGbYzcEDOw7DcQtbQSXcG9ftmAXtWTu9V936vDye4xjjekktFAtgZsWpzTj/X01jocB46mTywm/4SZw==
  dependencies:
    "@babel/highlight" "^7.10.1"

"@babel/helper-plugin-utils@^7.14.5":
  version "7.14.5"
  resolved "https://registry.yarnpkg.com/@babel/helper-plugin-utils/-/helper-plugin-utils-7.14.5.tgz#5ac822ce97eec46741ab70a517971e443a70c5a9"
  integrity sha512-/37qQCE3K0vvZKwoK4XU/irIJQdIfCJuhU5eKnNxpFDsOkgFaUAwbv+RYw6eYgsC0E4hS7r5KqGULUogqui0fQ==

"@babel/helper-validator-identifier@^7.10.1":
  version "7.10.1"
  resolved "https://registry.yarnpkg.com/@babel/helper-validator-identifier/-/helper-validator-identifier-7.10.1.tgz#5770b0c1a826c4f53f5ede5e153163e0318e94b5"
  integrity sha512-5vW/JXLALhczRCWP0PnFDMCJAchlBvM7f4uk/jXritBnIa6E1KmqmtrS3yn1LAnxFBypQ3eneLuXjsnfQsgILw==

"@babel/helper-validator-identifier@^7.12.11":
  version "7.12.11"
  resolved "https://registry.yarnpkg.com/@babel/helper-validator-identifier/-/helper-validator-identifier-7.12.11.tgz#c9a1f021917dcb5ccf0d4e453e399022981fc9ed"
  integrity sha512-np/lG3uARFybkoHokJUmf1QfEvRVCPbmQeUQpKow5cQ3xWrV9i3rUHodKDJPQfTVX61qKi+UdYk8kik84n7XOw==

"@babel/helper-validator-identifier@^7.14.9":
  version "7.15.7"
  resolved "https://registry.yarnpkg.com/@babel/helper-validator-identifier/-/helper-validator-identifier-7.15.7.tgz#220df993bfe904a4a6b02ab4f3385a5ebf6e2389"
  integrity sha512-K4JvCtQqad9OY2+yTU8w+E82ywk/fe+ELNlt1G8z3bVGlZfn/hOcQQsUhGhW/N+tb3fxK800wLtKOE/aM0m72w==

"@babel/highlight@^7.10.1":
  version "7.10.1"
  resolved "https://registry.yarnpkg.com/@babel/highlight/-/highlight-7.10.1.tgz#841d098ba613ba1a427a2b383d79e35552c38ae0"
  integrity sha512-8rMof+gVP8mxYZApLF/JgNDAkdKa+aJt3ZYxF8z6+j/hpeXL7iMsKCPHa2jNMHu/qqBwzQF4OHNoYi8dMA/rYg==
  dependencies:
    "@babel/helper-validator-identifier" "^7.10.1"
    chalk "^2.0.0"
    js-tokens "^4.0.0"

"@babel/highlight@^7.10.4":
  version "7.13.8"
  resolved "https://registry.yarnpkg.com/@babel/highlight/-/highlight-7.13.8.tgz#10b2dac78526424dfc1f47650d0e415dfd9dc481"
  integrity sha512-4vrIhfJyfNf+lCtXC2ck1rKSzDwciqF7IWFhXXrSOUC2O5DrVp+w4c6ed4AllTxhTkUP5x2tYj41VaxdVMMRDw==
  dependencies:
    "@babel/helper-validator-identifier" "^7.12.11"
    chalk "^2.0.0"
    js-tokens "^4.0.0"

"@babel/plugin-syntax-jsx@7.14.5":
  version "7.14.5"
  resolved "https://registry.yarnpkg.com/@babel/plugin-syntax-jsx/-/plugin-syntax-jsx-7.14.5.tgz#000e2e25d8673cce49300517a3eda44c263e4201"
  integrity sha512-ohuFIsOMXJnbOMRfX7/w7LocdR6R7whhuRD4ax8IipLcLPlZGJKkBxgHp++U4N/vKyU16/YDQr2f5seajD3jIw==
  dependencies:
    "@babel/helper-plugin-utils" "^7.14.5"

"@babel/runtime@7.15.3":
  version "7.15.3"
  resolved "https://registry.yarnpkg.com/@babel/runtime/-/runtime-7.15.3.tgz#2e1c2880ca118e5b2f9988322bd8a7656a32502b"
  integrity sha512-OvwMLqNXkCXSz1kSm58sEsNuhqOx/fKpnUnKnFB5v8uDda5bLNEHNgKPvhDN6IU0LDcnHQ90LlJ0Q6jnyBSIBA==
  dependencies:
    regenerator-runtime "^0.13.4"

"@babel/types@7.15.0":
  version "7.15.0"
  resolved "https://registry.yarnpkg.com/@babel/types/-/types-7.15.0.tgz#61af11f2286c4e9c69ca8deb5f4375a73c72dcbd"
  integrity sha512-OBvfqnllOIdX4ojTHpwZbpvz4j3EWyjkZEdmjH0/cgsd6QOdSgU8rLSk6ard/pcW7rlmjdVSX/AWOaORR1uNOQ==
  dependencies:
    "@babel/helper-validator-identifier" "^7.14.9"
    to-fast-properties "^2.0.0"

"@hapi/accept@5.0.2":
  version "5.0.2"
  resolved "https://registry.yarnpkg.com/@hapi/accept/-/accept-5.0.2.tgz#ab7043b037e68b722f93f376afb05e85c0699523"
  integrity sha512-CmzBx/bXUR8451fnZRuZAJRlzgm0Jgu5dltTX/bszmR2lheb9BpyN47Q1RbaGTsvFzn0PXAEs+lXDKfshccYZw==
  dependencies:
    "@hapi/boom" "9.x.x"
    "@hapi/hoek" "9.x.x"

"@hapi/boom@9.x.x":
  version "9.1.1"
  resolved "https://registry.yarnpkg.com/@hapi/boom/-/boom-9.1.1.tgz#89e6f0e01637c2a4228da0d113e8157c93677b04"
  integrity sha512-VNR8eDbBrOxBgbkddRYIe7+8DZ+vSbV6qlmaN2x7eWjsUjy2VmQgChkOKcVZIeupEZYj+I0dqNg430OhwzagjA==
  dependencies:
    "@hapi/hoek" "9.x.x"

"@hapi/hoek@9.x.x":
  version "9.1.1"
  resolved "https://registry.yarnpkg.com/@hapi/hoek/-/hoek-9.1.1.tgz#9daf5745156fd84b8e9889a2dc721f0c58e894aa"
  integrity sha512-CAEbWH7OIur6jEOzaai83jq3FmKmv4PmX1JYfs9IrYcGEVI/lyL1EXJGCj7eFVJ0bg5QR8LMxBlEtA+xKiLpFw==

"@napi-rs/triples@^1.0.3":
  version "1.0.3"
  resolved "https://registry.yarnpkg.com/@napi-rs/triples/-/triples-1.0.3.tgz#76d6d0c3f4d16013c61e45dfca5ff1e6c31ae53c"
  integrity sha512-jDJTpta+P4p1NZTFVLHJ/TLFVYVcOqv6l8xwOeBKNPMgY/zDYH/YH7SJbvrr/h1RcS9GzbPcLKGzpuK9cV56UA==

"@next/env@11.1.2":
  version "11.1.2"
  resolved "https://registry.yarnpkg.com/@next/env/-/env-11.1.2.tgz#27996efbbc54c5f949f5e8c0a156e3aa48369b99"
  integrity sha512-+fteyVdQ7C/OoulfcF6vd1Yk0FEli4453gr8kSFbU8sKseNSizYq6df5MKz/AjwLptsxrUeIkgBdAzbziyJ3mA==

"@next/polyfill-module@11.1.2":
  version "11.1.2"
  resolved "https://registry.yarnpkg.com/@next/polyfill-module/-/polyfill-module-11.1.2.tgz#1fe92c364fdc81add775a16c678f5057c6aace98"
  integrity sha512-xZmixqADM3xxtqBV0TpAwSFzWJP0MOQzRfzItHXf1LdQHWb0yofHHC+7eOrPFic8+ZGz5y7BdPkkgR1S25OymA==

"@next/react-dev-overlay@11.1.2":
  version "11.1.2"
  resolved "https://registry.yarnpkg.com/@next/react-dev-overlay/-/react-dev-overlay-11.1.2.tgz#73795dc5454b7af168bac93df7099965ebb603be"
  integrity sha512-rDF/mGY2NC69mMg2vDqzVpCOlWqnwPUXB2zkARhvknUHyS6QJphPYv9ozoPJuoT/QBs49JJd9KWaAzVBvq920A==
  dependencies:
    "@babel/code-frame" "7.12.11"
    anser "1.4.9"
    chalk "4.0.0"
    classnames "2.2.6"
    css.escape "1.5.1"
    data-uri-to-buffer "3.0.1"
    platform "1.3.6"
    shell-quote "1.7.2"
    source-map "0.8.0-beta.0"
    stacktrace-parser "0.1.10"
    strip-ansi "6.0.0"

"@next/react-refresh-utils@11.1.2":
  version "11.1.2"
  resolved "https://registry.yarnpkg.com/@next/react-refresh-utils/-/react-refresh-utils-11.1.2.tgz#44ea40d8e773e4b77bad85e24f6ac041d5e4b4a5"
  integrity sha512-hsoJmPfhVqjZ8w4IFzoo8SyECVnN+8WMnImTbTKrRUHOVJcYMmKLL7xf7T0ft00tWwAl/3f3Q3poWIN2Ueql/Q==

"@next/swc-darwin-arm64@11.1.2":
  version "11.1.2"
  resolved "https://registry.yarnpkg.com/@next/swc-darwin-arm64/-/swc-darwin-arm64-11.1.2.tgz#93226c38db488c4b62b30a53b530e87c969b8251"
  integrity sha512-hZuwOlGOwBZADA8EyDYyjx3+4JGIGjSHDHWrmpI7g5rFmQNltjlbaefAbiU5Kk7j3BUSDwt30quJRFv3nyJQ0w==

"@next/swc-darwin-x64@11.1.2":
  version "11.1.2"
  resolved "https://registry.yarnpkg.com/@next/swc-darwin-x64/-/swc-darwin-x64-11.1.2.tgz#792003989f560c00677b5daeff360b35b510db83"
  integrity sha512-PGOp0E1GisU+EJJlsmJVGE+aPYD0Uh7zqgsrpD3F/Y3766Ptfbe1lEPPWnRDl+OzSSrSrX1lkyM/Jlmh5OwNvA==

"@next/swc-linux-x64-gnu@11.1.2":
  version "11.1.2"
  resolved "https://registry.yarnpkg.com/@next/swc-linux-x64-gnu/-/swc-linux-x64-gnu-11.1.2.tgz#8216b2ae1f21f0112958735c39dd861088108f37"
  integrity sha512-YcDHTJjn/8RqvyJVB6pvEKXihDcdrOwga3GfMv/QtVeLphTouY4BIcEUfrG5+26Nf37MP1ywN3RRl1TxpurAsQ==

"@next/swc-win32-x64-msvc@11.1.2":
  version "11.1.2"
  resolved "https://registry.yarnpkg.com/@next/swc-win32-x64-msvc/-/swc-win32-x64-msvc-11.1.2.tgz#e15824405df137129918205e43cb5e9339589745"
  integrity sha512-e/pIKVdB+tGQYa1cW3sAeHm8gzEri/HYLZHT4WZojrUxgWXqx8pk7S7Xs47uBcFTqBDRvK3EcQpPLf3XdVsDdg==

"@node-rs/helper@1.2.1":
  version "1.2.1"
  resolved "https://registry.yarnpkg.com/@node-rs/helper/-/helper-1.2.1.tgz#e079b05f21ff4329d82c4e1f71c0290e4ecdc70c"
  integrity sha512-R5wEmm8nbuQU0YGGmYVjEc0OHtYsuXdpRG+Ut/3wZ9XAvQWyThN08bTh2cBJgoZxHQUPtvRfeQuxcAgLuiBISg==
  dependencies:
    "@napi-rs/triples" "^1.0.3"

"@types/color-name@^1.1.1":
  version "1.1.1"
  resolved "https://registry.yarnpkg.com/@types/color-name/-/color-name-1.1.1.tgz#1c1261bbeaa10a8055bbc5d8ab84b7b2afc846a0"
  integrity sha512-rr+OQyAjxze7GgWrSaJwydHStIhHq2lvY3BOC2Mj7KnzI7XK0Uw1TOOdI9lDoajEbSWLiYgoo4f1R51erQfhPQ==

"@types/katex@0.11.0":
  version "0.11.0"
  resolved "https://registry.yarnpkg.com/@types/katex/-/katex-0.11.0.tgz#b16c54ee670925ffef0616beae9e90c557e17334"
  integrity sha512-27BfE8zASRLYfSBNMk5/+KIjr2CBBrH0i5lhsO04fca4TGirIIMay73v3zNkzqmsaeIa/Mi5kejWDcxPLAmkvA==

"@types/node@*":
  version "14.14.41"
  resolved "https://registry.yarnpkg.com/@types/node/-/node-14.14.41.tgz#d0b939d94c1d7bd53d04824af45f1139b8c45615"
  integrity sha512-dueRKfaJL4RTtSa7bWeTK1M+VH+Gns73oCgzvYfHZywRCoPSd8EkXBL0mZ9unPTveBn+D9phZBaxuzpwjWkW0g==

"@types/node@14.14.31":
  version "14.14.31"
  resolved "https://registry.yarnpkg.com/@types/node/-/node-14.14.31.tgz#72286bd33d137aa0d152d47ec7c1762563d34055"
  integrity sha512-vFHy/ezP5qI0rFgJ7aQnjDXwAMrG0KqqIH7tQG5PPv3BWBayOPIQNBjVc/P6hhdZfMx51REc6tfDNXHUio893g==

"@types/parse-json@^4.0.0":
  version "4.0.0"
  resolved "https://registry.yarnpkg.com/@types/parse-json/-/parse-json-4.0.0.tgz#2f8bb441434d163b35fb8ffdccd7138927ffb8c0"
  integrity sha512-//oorEZjL6sbPcKUaCdIGlIUeH26mgzimjBB77G6XRgnDl/L5wOnpyBGRe/Mmf5CVW3PwEBE1NjiMZ/ssFh4wA==

"@types/prop-types@*":
  version "15.7.3"
  resolved "https://registry.yarnpkg.com/@types/prop-types/-/prop-types-15.7.3.tgz#2ab0d5da2e5815f94b0b9d4b95d1e5f243ab2ca7"
  integrity sha512-KfRL3PuHmqQLOG+2tGpRO26Ctg+Cq1E01D2DMriKEATHgWLfeNDmq9e29Q9WIky0dQ3NPkd1mzYH8Lm936Z9qw==

"@types/react@17.0.2":
  version "17.0.2"
  resolved "https://registry.yarnpkg.com/@types/react/-/react-17.0.2.tgz#3de24c4efef902dd9795a49c75f760cbe4f7a5a8"
  integrity sha512-Xt40xQsrkdvjn1EyWe1Bc0dJLcil/9x2vAuW7ya+PuQip4UYUaXyhzWmAbwRsdMgwOFHpfp7/FFZebDU6Y8VHA==
  dependencies:
    "@types/prop-types" "*"
    csstype "^3.0.2"

"@zeit/react-jsx-parser@2.0.0":
  version "2.0.0"
  resolved "https://registry.yarnpkg.com/@zeit/react-jsx-parser/-/react-jsx-parser-2.0.0.tgz#d9261be2c8e3024cf355c69569ef3f355805d903"
  integrity sha512-aMt6Je4XRpy9QrUnaauVd1EmWYrvj6Din7iFu83p1N1g18eUhGuyCwi6h5JR/DFIpsOO8YXl1jfYtM2Xo/mBRQ==
  dependencies:
    acorn-jsx "^4.1.1"

acorn-jsx@^4.1.1:
  version "4.1.1"
  resolved "https://registry.yarnpkg.com/acorn-jsx/-/acorn-jsx-4.1.1.tgz#e8e41e48ea2fe0c896740610ab6a4ffd8add225e"
  integrity sha512-JY+iV6r+cO21KtntVvFkD+iqjtdpRUpGqKWgfkCdZq1R+kbreEl8EcdcJR4SmiIgsIQT33s6QzheQ9a275Q8xw==
  dependencies:
    acorn "^5.0.3"

acorn@^5.0.3:
  version "5.7.4"
  resolved "https://registry.yarnpkg.com/acorn/-/acorn-5.7.4.tgz#3e8d8a9947d0599a1796d10225d7432f4a4acf5e"
  integrity sha512-1D++VG7BhrtvQpNbBzovKNc1FLGGEE/oGe7b9xJm/RFHMBeUaUGpluV9RLjZa47YFdPcDAenEYuq9pQPcMdLJg==

aggregate-error@^3.0.0:
  version "3.0.1"
  resolved "https://registry.yarnpkg.com/aggregate-error/-/aggregate-error-3.0.1.tgz#db2fe7246e536f40d9b5442a39e117d7dd6a24e0"
  integrity sha512-quoaXsZ9/BLNae5yiNoUz+Nhkwz83GhWwtYFglcjEQB2NDHCIpApbqXxIFnm4Pq/Nvhrsq5sYJFyohrrxnTGAA==
  dependencies:
    clean-stack "^2.0.0"
    indent-string "^4.0.0"

anser@1.4.9:
  version "1.4.9"
  resolved "https://registry.yarnpkg.com/anser/-/anser-1.4.9.tgz#1f85423a5dcf8da4631a341665ff675b96845760"
  integrity sha512-AI+BjTeGt2+WFk4eWcqbQ7snZpDBt8SaLlj0RT2h5xfdWaiy51OjYvqwMrNzJLGy8iOAL6nKDITWO+rd4MkYEA==

ansi-colors@^4.1.1:
  version "4.1.1"
  resolved "https://registry.yarnpkg.com/ansi-colors/-/ansi-colors-4.1.1.tgz#cbb9ae256bf750af1eab344f229aa27fe94ba348"
  integrity sha512-JoX0apGbHaUJBNl6yF+p6JAFYZ666/hhCGKN5t9QFjbJQKUU/g8MNbFDbvfrgKXvI1QpZplPOnwIo99lX/AAmA==

ansi-escapes@^4.3.0:
  version "4.3.1"
  resolved "https://registry.yarnpkg.com/ansi-escapes/-/ansi-escapes-4.3.1.tgz#a5c47cc43181f1f38ffd7076837700d395522a61"
  integrity sha512-JWF7ocqNrp8u9oqpgV+wH5ftbt+cfvv+PTjOvKLT3AdYly/LmORARfEVT1iyjwN+4MqE5UmVKoAdIBqeoCHgLA==
  dependencies:
    type-fest "^0.11.0"

ansi-regex@^5.0.0:
  version "5.0.0"
  resolved "https://registry.yarnpkg.com/ansi-regex/-/ansi-regex-5.0.0.tgz#388539f55179bf39339c81af30a654d69f87cb75"
  integrity sha512-bY6fj56OUQ0hU1KjFNDQuJFezqKdrAyFdIevADiqrWHwSlbmBNMHp5ak2f40Pm8JTFyM2mqxkG6ngkHO11f/lg==

ansi-styles@^3.2.1:
  version "3.2.1"
  resolved "https://registry.yarnpkg.com/ansi-styles/-/ansi-styles-3.2.1.tgz#41fbb20243e50b12be0f04b8dedbf07520ce841d"
  integrity sha512-VT0ZI6kZRdTh8YyJw3SMbYm/u+NqfsAxEpWO0Pf9sq8/e94WxxOpPKx9FR1FlyCtOVDNOQ+8ntlqFxiRc+r5qA==
  dependencies:
    color-convert "^1.9.0"

ansi-styles@^4.0.0:
  version "4.3.0"
  resolved "https://registry.yarnpkg.com/ansi-styles/-/ansi-styles-4.3.0.tgz#edd803628ae71c04c85ae7a0906edad34b648937"
  integrity sha512-zbB9rCJAT1rbjiVDb2hqKFHNYLxgtk8NURxZ3IZwD3F6NtxbXZQCnnSi1Lkx+IDohdPlFp222wVALIheZJQSEg==
  dependencies:
    color-convert "^2.0.1"

ansi-styles@^4.1.0:
  version "4.2.1"
  resolved "https://registry.yarnpkg.com/ansi-styles/-/ansi-styles-4.2.1.tgz#90ae75c424d008d2624c5bf29ead3177ebfcf359"
  integrity sha512-9VGjrMsG1vePxcSweQsN20KY/c4zN0h9fLjqAbwbPfahM3t+NL+M9HC8xeXG2I8pX5NoamTGNuomEUFI7fcUjA==
  dependencies:
    "@types/color-name" "^1.1.1"
    color-convert "^2.0.1"

anymatch@~3.1.1:
  version "3.1.1"
  resolved "https://registry.yarnpkg.com/anymatch/-/anymatch-3.1.1.tgz#c55ecf02185e2469259399310c173ce31233b142"
  integrity sha512-mM8522psRCqzV+6LhomX5wgp25YVibjh8Wj23I5RPkPppSVSjyKD2A2mBJmWGa+KN7f2D6LNh9jkBCeyLktzjg==
  dependencies:
    normalize-path "^3.0.0"
    picomatch "^2.0.4"

array-filter@^1.0.0:
  version "1.0.0"
  resolved "https://registry.yarnpkg.com/array-filter/-/array-filter-1.0.0.tgz#baf79e62e6ef4c2a4c0b831232daffec251f9d83"
  integrity sha1-uveeYubvTCpMC4MSMtr/7CUfnYM=

asn1.js@^4.0.0:
  version "4.10.1"
  resolved "https://registry.yarnpkg.com/asn1.js/-/asn1.js-4.10.1.tgz#b9c2bf5805f1e64aadeed6df3a2bfafb5a73f5a0"
  integrity sha512-p32cOF5q0Zqs9uBiONKYLm6BClCoBCM5O9JfeUSlnQLBTxYdTK+pW+nXflm8UkKd2UYlEbYz5qEi0JuZR9ckSw==
  dependencies:
    bn.js "^4.0.0"
    inherits "^2.0.1"
    minimalistic-assert "^1.0.0"

assert@2.0.0:
  version "2.0.0"
  resolved "https://registry.yarnpkg.com/assert/-/assert-2.0.0.tgz#95fc1c616d48713510680f2eaf2d10dd22e02d32"
  integrity sha512-se5Cd+js9dXJnu6Ag2JFc00t+HmHOen+8Q+L7O9zI0PqQXr20uk2J0XQqMxZEeo5U50o8Nvmmx7dZrl+Ufr35A==
  dependencies:
    es6-object-assign "^1.1.0"
    is-nan "^1.2.1"
    object-is "^1.0.1"
    util "^0.12.0"

assert@^1.1.1:
  version "1.5.0"
  resolved "https://registry.yarnpkg.com/assert/-/assert-1.5.0.tgz#55c109aaf6e0aefdb3dc4b71240c70bf574b18eb"
  integrity sha512-EDsgawzwoun2CZkCgtxJbv392v4nbk9XDD06zI+kQYoBM/3RBWLlEyJARDOmhAAosBjWACEkKL6S+lIZtcAubA==
  dependencies:
    object-assign "^4.1.1"
    util "0.10.3"

ast-types@0.13.2:
  version "0.13.2"
  resolved "https://registry.yarnpkg.com/ast-types/-/ast-types-0.13.2.tgz#df39b677a911a83f3a049644fb74fdded23cea48"
  integrity sha512-uWMHxJxtfj/1oZClOxDEV1sQ1HCDkA4MG8Gr69KKeBjEVH0R84WlejZ0y2DcwyBlpAEMltmVYkVgqfLFb2oyiA==

astral-regex@^2.0.0:
  version "2.0.0"
  resolved "https://registry.yarnpkg.com/astral-regex/-/astral-regex-2.0.0.tgz#483143c567aeed4785759c0865786dc77d7d2e31"
  integrity sha512-Z7tMw1ytTXt5jqMcOP+OQteU1VuNK9Y02uuJtKQ1Sv69jXQKKg5cibLwGJow8yzZP+eAc18EmLGPal0bp36rvQ==

async-sema@3.1.0:
  version "3.1.0"
  resolved "https://registry.yarnpkg.com/async-sema/-/async-sema-3.1.0.tgz#3a813beb261e4cc58b19213916a48e931e21d21e"
  integrity sha512-+JpRq3r0zjpRLDruS6q/nC4V5tzsaiu07521677Mdi5i+AkaU/aNJH38rYHJVQ4zvz+SSkjgc8FUI7qIZrR+3g==

available-typed-arrays@^1.0.2:
  version "1.0.2"
  resolved "https://registry.yarnpkg.com/available-typed-arrays/-/available-typed-arrays-1.0.2.tgz#6b098ca9d8039079ee3f77f7b783c4480ba513f5"
  integrity sha512-XWX3OX8Onv97LMk/ftVyBibpGwY5a8SmuxZPzeOxqmuEqUCOM9ZE+uIaD1VNJ5QnvU2UQusvmKbuM1FR8QWGfQ==
  dependencies:
    array-filter "^1.0.0"

base64-js@^1.0.2:
  version "1.3.1"
  resolved "https://registry.yarnpkg.com/base64-js/-/base64-js-1.3.1.tgz#58ece8cb75dd07e71ed08c736abc5fac4dbf8df1"
  integrity sha512-mLQ4i2QO1ytvGWFWmcngKO//JXAQueZvwEKtjgQFM4jIK0kU+ytMfplL8j+n5mspOfjHwoAg+9yhb7BwAHm36g==

big.js@^5.2.2:
  version "5.2.2"
  resolved "https://registry.yarnpkg.com/big.js/-/big.js-5.2.2.tgz#65f0af382f578bcdc742bd9c281e9cb2d7768328"
  integrity sha512-vyL2OymJxmarO8gxMr0mhChsO9QGwhynfuu4+MHTAW6czfq9humCB7rKpUjDd9YUiDPU4mzpyupFSvOClAwbmQ==

binary-extensions@^2.0.0:
  version "2.0.0"
  resolved "https://registry.yarnpkg.com/binary-extensions/-/binary-extensions-2.0.0.tgz#23c0df14f6a88077f5f986c0d167ec03c3d5537c"
  integrity sha512-Phlt0plgpIIBOGTT/ehfFnbNlfsDEiqmzE2KRXoX1bLIlir4X/MR+zSyBEkL05ffWgnRSf/DXv+WrUAVr93/ow==

bn.js@^4.0.0, bn.js@^4.1.0, bn.js@^4.4.0:
  version "4.11.9"
  resolved "https://registry.yarnpkg.com/bn.js/-/bn.js-4.11.9.tgz#26d556829458f9d1e81fc48952493d0ba3507828"
  integrity sha512-E6QoYqCKZfgatHTdHzs1RRKP7ip4vvm+EyRUeE2RF0NblwVvb0p6jSVeNTOFxPn26QXN2o6SMfNxKp6kU8zQaw==

bn.js@^5.1.1:
  version "5.1.2"
  resolved "https://registry.yarnpkg.com/bn.js/-/bn.js-5.1.2.tgz#c9686902d3c9a27729f43ab10f9d79c2004da7b0"
  integrity sha512-40rZaf3bUNKTVYu9sIeeEGOg7g14Yvnj9kH7b50EiwX0Q7A6umbvfI5tvHaOERH0XigqKkfLkFQxzb4e6CIXnA==

braces@^3.0.1, braces@~3.0.2:
  version "3.0.2"
  resolved "https://registry.yarnpkg.com/braces/-/braces-3.0.2.tgz#3454e1a462ee8d599e236df336cd9ea4f8afe107"
  integrity sha512-b8um+L1RzM3WDSzvhm6gIz1yfTbBt6YTlcEKAvsmqCZZFw46z626lVj9j1yEPW33H5H+lBQpZMP1k8l+78Ha0A==
  dependencies:
    fill-range "^7.0.1"

brorand@^1.0.1:
  version "1.1.0"
  resolved "https://registry.yarnpkg.com/brorand/-/brorand-1.1.0.tgz#12c25efe40a45e3c323eb8675a0a0ce57b22371f"
  integrity sha1-EsJe/kCkXjwyPrhnWgoM5XsiNx8=

browserify-aes@^1.0.0, browserify-aes@^1.0.4:
  version "1.2.0"
  resolved "https://registry.yarnpkg.com/browserify-aes/-/browserify-aes-1.2.0.tgz#326734642f403dabc3003209853bb70ad428ef48"
  integrity sha512-+7CHXqGuspUn/Sl5aO7Ea0xWGAtETPXNSAjHo48JfLdPWcMng33Xe4znFvQweqc/uzk5zSOI3H52CYnjCfb5hA==
  dependencies:
    buffer-xor "^1.0.3"
    cipher-base "^1.0.0"
    create-hash "^1.1.0"
    evp_bytestokey "^1.0.3"
    inherits "^2.0.1"
    safe-buffer "^5.0.1"

browserify-cipher@^1.0.0:
  version "1.0.1"
  resolved "https://registry.yarnpkg.com/browserify-cipher/-/browserify-cipher-1.0.1.tgz#8d6474c1b870bfdabcd3bcfcc1934a10e94f15f0"
  integrity sha512-sPhkz0ARKbf4rRQt2hTpAHqn47X3llLkUGn+xEJzLjwY8LRs2p0v7ljvI5EyoRO/mexrNunNECisZs+gw2zz1w==
  dependencies:
    browserify-aes "^1.0.4"
    browserify-des "^1.0.0"
    evp_bytestokey "^1.0.0"

browserify-des@^1.0.0:
  version "1.0.2"
  resolved "https://registry.yarnpkg.com/browserify-des/-/browserify-des-1.0.2.tgz#3af4f1f59839403572f1c66204375f7a7f703e9c"
  integrity sha512-BioO1xf3hFwz4kc6iBhI3ieDFompMhrMlnDFC4/0/vd5MokpuAc3R+LYbwTA9A5Yc9pq9UYPqffKpW2ObuwX5A==
  dependencies:
    cipher-base "^1.0.1"
    des.js "^1.0.0"
    inherits "^2.0.1"
    safe-buffer "^5.1.2"

browserify-rsa@^4.0.0, browserify-rsa@^4.0.1:
  version "4.0.1"
  resolved "https://registry.yarnpkg.com/browserify-rsa/-/browserify-rsa-4.0.1.tgz#21e0abfaf6f2029cf2fafb133567a701d4135524"
  integrity sha1-IeCr+vbyApzy+vsTNWenAdQTVSQ=
  dependencies:
    bn.js "^4.1.0"
    randombytes "^2.0.1"

browserify-sign@^4.0.0:
  version "4.2.0"
  resolved "https://registry.yarnpkg.com/browserify-sign/-/browserify-sign-4.2.0.tgz#545d0b1b07e6b2c99211082bf1b12cce7a0b0e11"
  integrity sha512-hEZC1KEeYuoHRqhGhTy6gWrpJA3ZDjFWv0DE61643ZnOXAKJb3u7yWcrU0mMc9SwAqK1n7myPGndkp0dFG7NFA==
  dependencies:
    bn.js "^5.1.1"
    browserify-rsa "^4.0.1"
    create-hash "^1.2.0"
    create-hmac "^1.1.7"
    elliptic "^6.5.2"
    inherits "^2.0.4"
    parse-asn1 "^5.1.5"
    readable-stream "^3.6.0"
    safe-buffer "^5.2.0"

browserify-zlib@0.2.0, browserify-zlib@^0.2.0:
  version "0.2.0"
  resolved "https://registry.yarnpkg.com/browserify-zlib/-/browserify-zlib-0.2.0.tgz#2869459d9aa3be245fe8fe2ca1f46e2e7f54d73f"
  integrity sha512-Z942RysHXmJrhqk88FmKBVq/v5tqmSkDz7p54G/MGyjMnCFFnC79XWNbg+Vta8W6Wb2qtSZTSxIGkJrRpCFEiA==
  dependencies:
    pako "~1.0.5"

browserslist@4.16.6:
  version "4.16.6"
  resolved "https://registry.yarnpkg.com/browserslist/-/browserslist-4.16.6.tgz#d7901277a5a88e554ed305b183ec9b0c08f66fa2"
  integrity sha512-Wspk/PqO+4W9qp5iUTJsa1B/QrYn1keNCcEP5OvP7WBwT4KaDly0uONYmC6Xa3Z5IqnUgS0KcgLYu1l74x0ZXQ==
  dependencies:
    caniuse-lite "^1.0.30001219"
    colorette "^1.2.2"
    electron-to-chromium "^1.3.723"
    escalade "^3.1.1"
    node-releases "^1.1.71"

buffer-from@^1.0.0:
  version "1.1.1"
  resolved "https://registry.yarnpkg.com/buffer-from/-/buffer-from-1.1.1.tgz#32713bc028f75c02fdb710d7c7bcec1f2c6070ef"
  integrity sha512-MQcXEUbCKtEo7bhqEs6560Hyd4XaovZlO/k9V3hjVUF/zwW7KBVdSK4gIt/bzwS9MbR5qob+F5jusZsb0YQK2A==

buffer-xor@^1.0.3:
  version "1.0.3"
  resolved "https://registry.yarnpkg.com/buffer-xor/-/buffer-xor-1.0.3.tgz#26e61ed1422fb70dd42e6e36729ed51d855fe8d9"
  integrity sha1-JuYe0UIvtw3ULm42cp7VHYVf6Nk=

buffer@5.6.0:
  version "5.6.0"
  resolved "https://registry.yarnpkg.com/buffer/-/buffer-5.6.0.tgz#a31749dc7d81d84db08abf937b6b8c4033f62786"
  integrity sha512-/gDYp/UtU0eA1ys8bOs9J6a+E/KWIY+DZ+Q2WESNUA0jFRsJOc0SNUO6xJ5SGA1xueg3NL65W6s+NY5l9cunuw==
  dependencies:
    base64-js "^1.0.2"
    ieee754 "^1.1.4"

buffer@^4.3.0:
  version "4.9.2"
  resolved "https://registry.yarnpkg.com/buffer/-/buffer-4.9.2.tgz#230ead344002988644841ab0244af8c44bbe3ef8"
  integrity sha512-xq+q3SRMOxGivLhBNaUdC64hDTQwejJ+H0T/NB1XMtTVEwNTrfFF3gAxiyW0Bu/xWEGhjVKgUcMhCrUy2+uCWg==
  dependencies:
    base64-js "^1.0.2"
    ieee754 "^1.1.4"
    isarray "^1.0.0"

builtin-status-codes@^3.0.0:
  version "3.0.0"
  resolved "https://registry.yarnpkg.com/builtin-status-codes/-/builtin-status-codes-3.0.0.tgz#85982878e21b98e1c66425e03d0174788f569ee8"
  integrity sha1-hZgoeOIbmOHGZCXgPQF0eI9Wnug=

bytes@3.1.0:
  version "3.1.0"
  resolved "https://registry.yarnpkg.com/bytes/-/bytes-3.1.0.tgz#f6cf7933a360e0588fa9fde85651cdc7f805d1f6"
  integrity sha512-zauLjrfCG+xvoyaqLoV8bLVXXNGC4JqlxFCutSDWA6fJrTo2ZuvLYTqZ7aHBLZSMOopbzwv8f+wZcVzfVTI2Dg==

call-bind@^1.0.0, call-bind@^1.0.2:
  version "1.0.2"
  resolved "https://registry.yarnpkg.com/call-bind/-/call-bind-1.0.2.tgz#b1d4e89e688119c3c9a903ad30abb2f6a919be3c"
  integrity sha512-7O+FbCihrB5WGbFYesctwmTKae6rOiIzmz1icreWJ+0aA7LJfuqhEso2T9ncpcFtzMQtzXf2QGGueWJGTYsqrA==
  dependencies:
    function-bind "^1.1.1"
    get-intrinsic "^1.0.2"

callsites@^3.0.0:
  version "3.1.0"
  resolved "https://registry.yarnpkg.com/callsites/-/callsites-3.1.0.tgz#b3630abd8943432f54b3f0519238e33cd7df2f73"
  integrity sha512-P8BjAsXvZS+VIDUI11hHCQEv74YT67YUi5JJFNWIqL235sBmjX4+qx9Muvls5ivyNENctx46xQLQ3aTuE7ssaQ==

caniuse-lite@^1.0.30001202:
  version "1.0.30001219"
  resolved "https://registry.yarnpkg.com/caniuse-lite/-/caniuse-lite-1.0.30001219.tgz#5bfa5d0519f41f993618bd318f606a4c4c16156b"
  integrity sha512-c0yixVG4v9KBc/tQ2rlbB3A/bgBFRvl8h8M4IeUbqCca4gsiCfvtaheUssbnux/Mb66Vjz7x8yYjDgYcNQOhyQ==

caniuse-lite@^1.0.30001219, caniuse-lite@^1.0.30001228:
  version "1.0.30001269"
  resolved "https://registry.yarnpkg.com/caniuse-lite/-/caniuse-lite-1.0.30001269.tgz#3a71bee03df627364418f9fd31adfc7aa1cc2d56"
  integrity sha512-UOy8okEVs48MyHYgV+RdW1Oiudl1H6KolybD6ZquD0VcrPSgj25omXO1S7rDydjpqaISCwA8Pyx+jUQKZwWO5w==

chalk@2.4.2, chalk@^2.0.0:
  version "2.4.2"
  resolved "https://registry.yarnpkg.com/chalk/-/chalk-2.4.2.tgz#cd42541677a54333cf541a49108c1432b44c9424"
  integrity sha512-Mti+f9lpJNcwF4tWV8/OrTTtF1gZi+f8FqlyAdouralcFWFQWF2+NgCHShjkCb+IFBLq9buZwE1xckQU4peSuQ==
  dependencies:
    ansi-styles "^3.2.1"
    escape-string-regexp "^1.0.5"
    supports-color "^5.3.0"

chalk@4.0.0:
  version "4.0.0"
  resolved "https://registry.yarnpkg.com/chalk/-/chalk-4.0.0.tgz#6e98081ed2d17faab615eb52ac66ec1fe6209e72"
  integrity sha512-N9oWFcegS0sFr9oh1oz2d7Npos6vNoWW9HvtCg5N1KRFpUhaAhvTv5Y58g880fZaEYSNm3qDz8SU1UrGvp+n7A==
  dependencies:
    ansi-styles "^4.1.0"
    supports-color "^7.1.0"

chalk@^4.0.0, chalk@^4.1.0:
  version "4.1.0"
  resolved "https://registry.yarnpkg.com/chalk/-/chalk-4.1.0.tgz#4e14870a618d9e2edd97dd8345fd9d9dc315646a"
  integrity sha512-qwx12AxXe2Q5xQ43Ac//I6v5aXTipYrSESdOgzrN+9XjgEpyjpKuvSGaN4qE93f7TQTlerQQ8S+EQ0EyDoVL1A==
  dependencies:
    ansi-styles "^4.1.0"
    supports-color "^7.1.0"

chokidar@3.5.1:
  version "3.5.1"
  resolved "https://registry.yarnpkg.com/chokidar/-/chokidar-3.5.1.tgz#ee9ce7bbebd2b79f49f304799d5468e31e14e68a"
  integrity sha512-9+s+Od+W0VJJzawDma/gvBNQqkTiqYTWLuZoyAsivsI4AaWTCzHG06/TMjsf1cYe9Cb97UCEhjz7HvnPk2p/tw==
  dependencies:
    anymatch "~3.1.1"
    braces "~3.0.2"
    glob-parent "~5.1.0"
    is-binary-path "~2.1.0"
    is-glob "~4.0.1"
    normalize-path "~3.0.0"
    readdirp "~3.5.0"
  optionalDependencies:
    fsevents "~2.3.1"

cipher-base@^1.0.0, cipher-base@^1.0.1, cipher-base@^1.0.3:
  version "1.0.4"
  resolved "https://registry.yarnpkg.com/cipher-base/-/cipher-base-1.0.4.tgz#8760e4ecc272f4c363532f926d874aae2c1397de"
  integrity sha512-Kkht5ye6ZGmwv40uUDZztayT2ThLQGfnj/T71N/XzeZeo3nf8foyW7zGTsPYkEya3m5f3cAypH+qe7YOrM1U2Q==
  dependencies:
    inherits "^2.0.1"
    safe-buffer "^5.0.1"

classnames@2.2.6:
  version "2.2.6"
  resolved "https://registry.yarnpkg.com/classnames/-/classnames-2.2.6.tgz#43935bffdd291f326dad0a205309b38d00f650ce"
  integrity sha512-JR/iSQOSt+LQIWwrwEzJ9uk0xfN3mTVYMwt1Ir5mUcSN6pU+V4zQFFaJsclJbPuAUQH+yfWef6tm7l1quW3C